
Microsoft Visual Studio Solution File, Format Version 12.00
# Visual Studio Version 16
VisualStudioVersion = 16.0.31402.337
MinimumVisualStudioVersion = 10.0.40219.1
Project("{FAE04EC0-301F-11D3-BF4B-00C04F79EFBC}") = "GenericRepositoryPattern.Demo.Library", "GenericRepositoryPattern.Demo.Library\GenericRepositoryPattern.Demo.Library.csproj", "{A9E18419-1695-48CB-9968-0C0209B36095}"
EndProject
Project("{FAE04EC0-301F-11D3-BF4B-00C04F79EFBC}") = "Application.Main", "Application.Main\Application.Main.csproj", "{0C707B8A-6DF5-40DC-A38D-0A12DDAACD3B}"
EndProject
Global
	GlobalSection(SolutionConfigurationPlatforms) = preSolution
		Debug|Any CPU = Debug|Any CPU
		Release|Any CPU = Release|Any CPU
	EndGlobalSection
	GlobalSection(ProjectConfigurationPlatforms) = postSolution
		{A9E18419-1695-48CB-9968-0C0209B36095}.Debug|Any CPU.ActiveCfg = Debug|Any CPU
		{A9E18419-1695-48CB-9968-0C0209B36095}.Debug|Any CPU.Build.0 = Debug|Any CPU
		{A9E18419-1695-48CB-9968-0C0209B36095}.Release|Any CPU.ActiveCfg = Release|Any CPU
		{A9E18419-1695-48CB-9968-0C0209B36095}.Release|Any CPU.Build.0 = Release|Any CPU
		{0C707B8A-6DF5-40DC-A38D-0A12DDAACD3B}.Debug|Any CPU.ActiveCfg = Debug|Any CPU
		{0C707B8A-6DF5-40DC-A38D-0A12DDAACD3B}.Debug|Any CPU.Build.0 = Debug|Any CPU
		{0C707B8A-6DF5-40DC-A38D-0A12DDAACD3B}.Release|Any CPU.ActiveCfg = Release|Any CPU
		{0C707B8A-6DF5-40DC-A38D-0A12DDAACD3B}.Release|Any CPU.Build.0 = Release|Any CPU
	EndGlobalSection
	GlobalSection(SolutionProperties) = preSolution
		HideSolutionNode = FALSE
	EndGlobalSection
	GlobalSection(ExtensibilityGlobals) = postSolution
		SolutionGuid = {402FA498-D6D9-4B91-A4FC-FBDCE054FC60}
	EndGlobalSection
EndGlobal
